<Solution>
  <Project Path="MachineryCRM.Api/MachineryCRM.Api.csproj" />
  <Project Path="MachineryCRM.Application/MachineryCRM.Application.csproj" />
  <Project Path="MachineryCRM.Domain/MachineryCRM.Domain.csproj" />
  <Project Path="MachineryCRM.Infrastructure/MachineryCRM.Infrastructure.csproj" />
</Solution>
